
Microsoft Visual Studio Solution File, Format Version 12.00
# Visual Studio Version 17
VisualStudioVersion = 17.8.34309.116
MinimumVisualStudioVersion = 10.0.40219.1
Project("{FAE04EC0-301F-11D3-BF4B-00C04F79EFBC}") = "Blood_bank", "Blood_bank\Blood_bank.csproj", "{EC8B1B05-1C7E-4D30-9C17-2D6F5A919BD6}"
EndProject
Global
	GlobalSection(SolutionConfigurationPlatforms) = preSolution
		Debug|Any CPU = Debug|Any CPU
		Release|Any CPU = Release|Any CPU
	EndGlobalSection
	GlobalSection(ProjectConfigurationPlatforms) = postSolution
		{EC8B1B05-1C7E-4D30-9C17-2D6F5A919BD6}.Debug|Any CPU.ActiveCfg = Debug|Any CPU
		{EC8B1B05-1C7E-4D30-9C17-2D6F5A919BD6}.Debug|Any CPU.Build.0 = Debug|Any CPU
		{EC8B1B05-1C7E-4D30-9C17-2D6F5A919BD6}.Release|Any CPU.ActiveCfg = Release|Any CPU
		{EC8B1B05-1C7E-4D30-9C17-2D6F5A919BD6}.Release|Any CPU.Build.0 = Release|Any CPU
	EndGlobalSection
	GlobalSection(SolutionProperties) = preSolution
		HideSolutionNode = FALSE
	EndGlobalSection
	GlobalSection(ExtensibilityGlobals) = postSolution
		SolutionGuid = {CE242202-FC77-4773-89D4-CD87D0039A36}
	EndGlobalSection
EndGlobal
